// !$*UTF8*$!
{
	archiveVersion = 1;
	classes = {
	};
	objectVersion = 55;
	objects = {

/* Begin PBXBuildFile section */
		957909F1289B2B2700466ED9 /* CreateVideoVC.swift in Sources */ = {isa = PBXBuildFile; fileRef = 957909F0289B2B2700466ED9 /* CreateVideoVC.swift */; };
		957909F3289B37F000466ED9 /* VideoListVC.swift in Sources */ = {isa = PBXBuildFile; fileRef = 957909F2289B37F000466ED9 /* VideoListVC.swift */; };
		957909F5289B3B0F00466ED9 /* VideoCell.swift in Sources */ = {isa = PBXBuildFile; fileRef = 957909F4289B3B0F00466ED9 /* VideoCell.swift */; };
		957B34272899FB8E0007F3E2 /* AppDelegate.swift in Sources */ = {isa = PBXBuildFile; fileRef = 957B34262899FB8E0007F3E2 /* AppDelegate.swift */; };
		957B342B2899FB8E0007F3E2 /* Experience.rcproject in Sources */ = {isa = PBXBuildFile; fileRef = 957B342A2899FB8E0007F3E2 /* Experience.rcproject */; };
		957B342E2899FB8E0007F3E2 /* Main.storyboard in Resources */ = {isa = PBXBuildFile; fileRef = 957B342C2899FB8E0007F3E2 /* Main.storyboard */; };
		957B34302899FB900007F3E2 /* Assets.xcassets in Resources */ = {isa = PBXBuildFile; fileRef = 957B342F2899FB900007F3E2 /* Assets.xcassets */; };
		957B34332899FB900007F3E2 /* LaunchScreen.storyboard in Resources */ = {isa = PBXBuildFile; fileRef = 957B34312899FB900007F3E2 /* LaunchScreen.storyboard */; };
/* End PBXBuildFile section */

/* Begin PBXFileReference section */
		957909F0289B2B2700466ED9 /* CreateVideoVC.swift */ = {isa = PBXFileReference; lastKnownFileType = sourcecode.swift; path = CreateVideoVC.swift; sourceTree = "<group>"; };
		957909F2289B37F000466ED9 /* VideoListVC.swift */ = {isa = PBXFileReference; lastKnownFileType = sourcecode.swift; path = VideoListVC.swift; sourceTree = "<group>"; };
		957909F4289B3B0F00466ED9 /* VideoCell.swift */ = {isa = PBXFileReference; lastKnownFileType = sourcecode.swift; path = VideoCell.swift; sourceTree = "<group>"; };
		957B34232899FB8E0007F3E2 /* MustacheFun.app */ = {isa = PBXFileReference; explicitFileType = wrapper.application; includeInIndex = 0; path = MustacheFun.app; sourceTree = BUILT_PRODUCTS_DIR; };
		957B34262899FB8E0007F3E2 /* AppDelegate.swift */ = {isa = PBXFileReference; lastKnownFileType = sourcecode.swift; path = AppDelegate.swift; sourceTree = "<group>"; };
		957B342A2899FB8E0007F3E2 /* Experience.rcproject */ = {isa = PBXFileReference; lastKnownFileType = file.rcproject; path = Experience.rcproject; sourceTree = "<group>"; };
		957B342D2899FB8E0007F3E2 /* Base */ = {isa = PBXFileReference; lastKnownFileType = file.storyboard; name = Base; path = Base.lproj/Main.storyboard; sourceTree = "<group>"; };
		957B342F2899FB900007F3E2 /* Assets.xcassets */ = {isa = PBXFileReference; lastKnownFileType = folder.assetcatalog; path = Assets.xcassets; sourceTree = "<group>"; };
		957B34322899FB900007F3E2 /* Base */ = {isa = PBXFileReference; lastKnownFileType = file.storyboard; name = Base; path = Base.lproj/LaunchScreen.storyboard; sourceTree = "<group>"; };
/* End PBXFileReference section */

/* Begin PBXFrameworksBuildPhase section */
		957B34202899FB8E0007F3E2 /* Frameworks */ = {
			isa = PBXFrameworksBuildPhase;
			buildActionMask = 2147483647;
			files = (
			);
			runOnlyForDeploymentPostprocessing = 0;
		};
/* End PBXFrameworksBuildPhase section */

/* Begin PBXGroup section */
		957909F6289B3C0700466ED9 /* Screens */ = {
			isa = PBXGroup;
			children = (
				957909F2289B37F000466ED9 /* VideoListVC.swift */,
				957909F0289B2B2700466ED9 /* CreateVideoVC.swift */,
			);
			path = Screens;
			sourceTree = "<group>";
		};
		957909F7289B3C4300466ED9 /* Support */ = {
			isa = PBXGroup;
			children = (
				957B34262899FB8E0007F3E2 /* AppDelegate.swift */,
				957B342A2899FB8E0007F3E2 /* Experience.rcproject */,
				957B342C2899FB8E0007F3E2 /* Main.storyboard */,
				957B342F2899FB900007F3E2 /* Assets.xcassets */,
				957B34312899FB900007F3E2 /* LaunchScreen.storyboard */,
			);
			path = Support;
			sourceTree = "<group>";
		};
		957909F8289B3C4B00466ED9 /* Views */ = {
			isa = PBXGroup;
			children = (
				957909F4289B3B0F00466ED9 /* VideoCell.swift */,
			);
			path = Views;
			sourceTree = "<group>";
		};
		957B341A2899FB8D0007F3E2 = {
			isa = PBXGroup;
			children = (
				957B34252899FB8E0007F3E2 /* MustacheFun */,
				957B34242899FB8E0007F3E2 /* Products */,
			);
			sourceTree = "<group>";
		};
		957B34242899FB8E0007F3E2 /* Products */ = {
			isa = PBXGroup;
			children = (
				957B34232899FB8E0007F3E2 /* MustacheFun.app */,
			);
			name = Products;
			sourceTree = "<group>";
		};
		957B34252899FB8E0007F3E2 /* MustacheFun */ = {
			isa = PBXGroup;
			children = (
				957909F7289B3C4300466ED9 /* Support */,
				957909F6289B3C0700466ED9 /* Screens */,
				957909F8289B3C4B00466ED9 /* Views */,
			);
			path = MustacheFun;
			sourceTree = "<group>";
		};
/* End PBXGroup section */

/* Begin PBXNativeTarget section */
		957B34222899FB8E0007F3E2 /* MustacheFun */ = {
			isa = PBXNativeTarget;
			buildConfigurationList = 957B34362899FB900007F3E2 /* Build configuration list for PBXNativeTarget "MustacheFun" */;
			buildPhases = (
				957B341F2899FB8E0007F3E2 /* Sources */,
				957B34202899FB8E0007F3E2 /* Frameworks */,
				957B34212899FB8E0007F3E2 /* Resources */,
			);
			buildRules = (
			);
			dependencies = (
			);
			name = MustacheFun;
			productName = MustacheFun;
			productReference = 957B34232899FB8E0007F3E2 /* MustacheFun.app */;
			productType = "com.apple.product-type.application";
		};
/* End PBXNativeTarget section */

/* Begin PBXProject section */
		957B341B2899FB8D0007F3E2 /* Project object */ = {
			isa = PBXProject;
			attributes = {
				BuildIndependentTargetsInParallel = 1;
				LastSwiftUpdateCheck = 1320;
				LastUpgradeCheck = 1320;
				TargetAttributes = {
					957B34222899FB8E0007F3E2 = {
						CreatedOnToolsVersion = 13.2.1;
					};
				};
			};
			buildConfigurationList = 957B341E2899FB8D0007F3E2 /* Build configuration list for PBXProject "MustacheFun" */;
			compatibilityVersion = "Xcode 13.0";
			developmentRegion = en;
			hasScannedForEncodings = 0;
			knownRegions = (
				en,
				Base,
			);
			mainGroup = 957B341A2899FB8D0007F3E2;
			productRefGroup = 957B34242899FB8E0007F3E2 /* Products */;
			projectDirPath = "";
			projectRoot = "";
			targets = (
				957B34222899FB8E0007F3E2 /* MustacheFun */,
			);
		};
/* End PBXProject section */

/* Begin PBXResourcesBuildPhase section */
		957B34212899FB8E0007F3E2 /* Resources */ = {
			isa = PBXResourcesBuildPhase;
			buildActionMask = 2147483647;
			files = (
				957B34332899FB900007F3E2 /* LaunchScreen.storyboard in Resources */,
				957B34302899FB900007F3E2 /* Assets.xcassets in Resources */,
				957B342E2899FB8E0007F3E2 /* Main.storyboard in Resources */,
			);
			runOnlyForDeploymentPostprocessing = 0;
		};
/* End PBXResourcesBuildPhase section */

/* Begin PBXSourcesBuildPhase section */
		957B341F2899FB8E0007F3E2 /* Sources */ = {
			isa = PBXSourcesBuildPhase;
			buildActionMask = 2147483647;
			files = (
				957909F5289B3B0F00466ED9 /* VideoCell.swift in Sources */,
				957909F3289B37F000466ED9 /* VideoListVC.swift in Sources */,
				957B34272899FB8E0007F3E2 /* AppDelegate.swift in Sources */,
				957909F1289B2B2700466ED9 /* CreateVideoVC.swift in Sources */,
				957B342B2899FB8E0007F3E2 /* Experience.rcproject in Sources */,
			);
			runOnlyForDeploymentPostprocessing = 0;
		};
/* End PBXSourcesBuildPhase section */

/* Begin PBXVariantGroup section */
		957B342C2899FB8E0007F3E2 /* Main.storyboard */ = {
			isa = PBXVariantGroup;
			children = (
				957B342D2899FB8E0007F3E2 /* Base */,
			);
			name = Main.storyboard;
			sourceTree = "<group>";
		};
		957B34312899FB900007F3E2 /* LaunchScreen.storyboard */ = {
			isa = PBXVariantGroup;
			children = (
				957B34322899FB900007F3E2 /* Base */,
			);
			name = LaunchScreen.storyboard;
			sourceTree = "<group>";
		};
/* End PBXVariantGroup section */

/* Begin XCBuildConfiguration section */
		957B34342899FB900007F3E2 /* Debug */ = {
			isa = XCBuildConfiguration;
			buildSettings = {
				ALWAYS_SEARCH_USER_PATHS = NO;
				CLANG_ANALYZER_NONNULL = YES;
				CLANG_ANALYZER_NUMBER_OBJECT_CONVERSION = YES_AGGRESSIVE;
				CLANG_CXX_LANGUAGE_STANDARD = "gnu++17";
				CLANG_CXX_LIBRARY = "libc++";
				CLANG_ENABLE_MODULES = YES;
				CLANG_ENABLE_OBJC_ARC = YES;
				CLANG_ENABLE_OBJC_WEAK = YES;
				CLANG_WARN_BLOCK_CAPTURE_AUTORELEASING = YES;
				CLANG_WARN_BOOL_CONVERSION = YES;
				CLANG_WARN_COMMA = YES;
				CLANG_WARN_CONSTANT_CONVERSION = YES;
				CLANG_WARN_DEPRECATED_OBJC_IMPLEMENTATIONS = YES;
				CLANG_WARN_DIRECT_OBJC_ISA_USAGE = YES_ERROR;
				CLANG_WARN_DOCUMENTATION_COMMENTS = YES;
				CLANG_WARN_EMPTY_BODY = YES;
				CLANG_WARN_ENUM_CONVERSION = YES;
				CLANG_WARN_INFINITE_RECURSION = YES;
				CLANG_WARN_INT_CONVERSION = YES;
				CLANG_WARN_NON_LITERAL_NULL_CONVERSION = YES;
				CLANG_WARN_OBJC_IMPLICIT_RETAIN_SELF = YES;
				CLANG_WARN_OBJC_LITERAL_CONVERSION = YES;
				CLANG_WARN_OBJC_ROOT_CLASS = YES_ERROR;
				CLANG_WARN_QUOTED_INCLUDE_IN_FRAMEWORK_HEADER = YES;
				CLANG_WARN_RANGE_LOOP_ANALYSIS = YES;
				CLANG_WARN_STRICT_PROTOTYPES = YES;
				CLANG_WARN_SUSPICIOUS_MOVE = YES;
				CLANG_WARN_UNGUARDED_AVAILABILITY = YES_AGGRESSIVE;
				CLANG_WARN_UNREACHABLE_CODE = YES;
				CLANG_WARN__DUPLICATE_METHOD_MATCH = YES;
				COPY_PHASE_STRIP = NO;
				DEBUG_INFORMATION_FORMAT = dwarf;
				ENABLE_STRICT_OBJC_MSGSEND = YES;
				ENABLE_TESTABILITY = YES;
				GCC_C_LANGUAGE_STANDARD = gnu11;
				GCC_DYNAMIC_NO_PIC = NO;
				GCC_NO_COMMON_BLOCKS = YES;
				GCC_OPTIMIZATION_LEVEL = 0;
				GCC_PREPROCESSOR_DEFINITIONS = (
					"DEBUG=1",
					"$(inherited)",
				);
				GCC_WARN_64_TO_32_BIT_CONVERSION = YES;
				GCC_WARN_ABOUT_RETURN_TYPE = YES_ERROR;
				GCC_WARN_UNDECLARED_SELECTOR = YES;
				GCC_WARN_UNINITIALIZED_AUTOS = YES_AGGRESSIVE;
				GCC_WARN_UNUSED_FUNCTION = YES;
				GCC_WARN_UNUSED_VARIABLE = YES;
				IPHONEOS_DEPLOYMENT_TARGET = 15.2;
				MTL_ENABLE_DEBUG_INFO = INCLUDE_SOURCE;
				MTL_FAST_MATH = YES;
				ONLY_ACTIVE_ARCH = YES;
				SDKROOT = iphoneos;
				SWIFT_ACTIVE_COMPILATION_CONDITIONS = DEBUG;
				SWIFT_OPTIMIZATION_LEVEL = "-Onone";
			};
			name = Debug;
		};
		957B34352899FB900007F3E2 /* Release */ = {
			isa = XCBuildConfiguration;
			buildSettings = {
				ALWAYS_SEARCH_USER_PATHS = NO;
				CLANG_ANALYZER_NONNULL = YES;
				CLANG_ANALYZER_NUMBER_OBJECT_CONVERSION = YES_AGGRESSIVE;
				CLANG_CXX_LANGUAGE_STANDARD = "gnu++17";
				CLANG_CXX_LIBRARY = "libc++";
				CLANG_ENABLE_MODULES = YES;
				CLANG_ENABLE_OBJC_ARC = YES;
				CLANG_ENABLE_OBJC_WEAK = YES;
				CLANG_WARN_BLOCK_CAPTURE_AUTORELEASING = YES;
				CLANG_WARN_BOOL_CONVERSION = YES;
				CLANG_WARN_COMMA = YES;
				CLANG_WARN_CONSTANT_CONVERSION = YES;
				CLANG_WARN_DEPRECATED_OBJC_IMPLEMENTATIONS = YES;
				CLANG_WARN_DIRECT_OBJC_ISA_USAGE = YES_ERROR;
				CLANG_WARN_DOCUMENTATION_COMMENTS = YES;
				CLANG_WARN_EMPTY_BODY = YES;
				CLANG_WARN_ENUM_CONVERSION = YES;
				CLANG_WARN_INFINITE_RECURSION = YES;
				CLANG_WARN_INT_CONVERSION = YES;
				CLANG_WARN_NON_LITERAL_NULL_CONVERSION = YES;
				CLANG_WARN_OBJC_IMPLICIT_RETAIN_SELF = YES;
				CLANG_WARN_OBJC_LITERAL_CONVERSION = YES;
				CLANG_WARN_OBJC_ROOT_CLASS = YES_ERROR;
				CLANG_WARN_QUOTED_INCLUDE_IN_FRAMEWORK_HEADER = YES;
				CLANG_WARN_RANGE_LOOP_ANALYSIS = YES;
				CLANG_WARN_STRICT_PROTOTYPES = YES;
				CLANG_WARN_SUSPICIOUS_MOVE = YES;
				CLANG_WARN_UNGUARDED_AVAILABILITY = YES_AGGRESSIVE;
				CLANG_WARN_UNREACHABLE_CODE = YES;
				CLANG_WARN__DUPLICATE_METHOD_MATCH = YES;
				COPY_PHASE_STRIP = NO;
				DEBUG_INFORMATION_FORMAT = "dwarf-with-dsym";
				ENABLE_NS_ASSERTIONS = NO;
				ENABLE_STRICT_OBJC_MSGSEND = YES;
				GCC_C_LANGUAGE_STANDARD = gnu11;
				GCC_NO_COMMON_BLOCKS = YES;
				GCC_WARN_64_TO_32_BIT_CONVERSION = YES;
				GCC_WARN_ABOUT_RETURN_TYPE = YES_ERROR;
				GCC_WARN_UNDECLARED_SELECTOR = YES;
				GCC_WARN_UNINITIALIZED_AUTOS = YES_AGGRESSIVE;
				GCC_WARN_UNUSED_FUNCTION = YES;
				GCC_WARN_UNUSED_VARIABLE = YES;
				IPHONEOS_DEPLOYMENT_TARGET = 15.2;
				MTL_ENABLE_DEBUG_INFO = NO;
				MTL_FAST_MATH = YES;
				SDKROOT = iphoneos;
				SWIFT_COMPILATION_MODE = wholemodule;
				SWIFT_OPTIMIZATION_LEVEL = "-O";
				VALIDATE_PRODUCT = YES;
			};
			name = Release;
		};
		957B34372899FB900007F3E2 /* Debug */ = {
			isa = XCBuildConfiguration;
			buildSettings = {
				ASSETCATALOG_COMPILER_APPICON_NAME = AppIcon;
				ASSETCATALOG_COMPILER_GLOBAL_ACCENT_COLOR_NAME = AccentColor;
				CODE_SIGN_STYLE = Automatic;
				CURRENT_PROJECT_VERSION = 1;
				DEVELOPMENT_TEAM = CS38HA4SPQ;
				GENERATE_INFOPLIST_FILE = YES;
				INFOPLIST_KEY_NSCameraUsageDescription = "AR experience requires access to Camera";
				INFOPLIST_KEY_UIApplicationSupportsIndirectInputEvents = YES;
				INFOPLIST_KEY_UILaunchStoryboardName = LaunchScreen;
				INFOPLIST_KEY_UIMainStoryboardFile = Main;
				INFOPLIST_KEY_UIRequiredDeviceCapabilities = "arkit front-facing-camera";
				INFOPLIST_KEY_UIStatusBarHidden = YES;
				INFOPLIST_KEY_UISupportedInterfaceOrientations_iPad = "UIInterfaceOrientationPortrait UIInterfaceOrientationPortraitUpsideDown UIInterfaceOrientationLandscapeLeft UIInterfaceOrientationLandscapeRight";
				INFOPLIST_KEY_UISupportedInterfaceOrientations_iPhone = "UIInterfaceOrientationPortrait UIInterfaceOrientationLandscapeLeft UIInterfaceOrientationLandscapeRight";
				LD_RUNPATH_SEARCH_PATHS = (
					"$(inherited)",
					"@executable_path/Frameworks",
				);
				MARKETING_VERSION = 1.0;
				PRODUCT_BUNDLE_IDENTIFIER = com.nihalerdal.MustacheFun;
				PRODUCT_NAME = "$(TARGET_NAME)";
				SWIFT_EMIT_LOC_STRINGS = YES;
				SWIFT_VERSION = 5.0;
				TARGETED_DEVICE_FAMILY = "1,2";
			};
			name = Debug;
		};
		957B34382899FB900007F3E2 /* Release */ = {
			isa = XCBuildConfiguration;
			buildSettings = {
				ASSETCATALOG_COMPILER_APPICON_NAME = AppIcon;
				ASSETCATALOG_COMPILER_GLOBAL_ACCENT_COLOR_NAME = AccentColor;
				CODE_SIGN_STYLE = Automatic;
				CURRENT_PROJECT_VERSION = 1;
				DEVELOPMENT_TEAM = CS38HA4SPQ;
				GENERATE_INFOPLIST_FILE = YES;
				INFOPLIST_KEY_NSCameraUsageDescription = "AR experience requires access to Camera";
				INFOPLIST_KEY_UIApplicationSupportsIndirectInputEvents = YES;
				INFOPLIST_KEY_UILaunchStoryboardName = LaunchScreen;
				INFOPLIST_KEY_UIMainStoryboardFile = Main;
				INFOPLIST_KEY_UIRequiredDeviceCapabilities = "arkit front-facing-camera";
				INFOPLIST_KEY_UIStatusBarHidden = YES;
				INFOPLIST_KEY_UISupportedInterfaceOrientations_iPad = "UIInterfaceOrientationPortrait UIInterfaceOrientationPortraitUpsideDown UIInterfaceOrientationLandscapeLeft UIInterfaceOrientationLandscapeRight";
				INFOPLIST_KEY_UISupportedInterfaceOrientations_iPhone = "UIInterfaceOrientationPortrait UIInterfaceOrientationLandscapeLeft UIInterfaceOrientationLandscapeRight";
				LD_RUNPATH_SEARCH_PATHS = (
					"$(inherited)",
					"@executable_path/Frameworks",
				);
				MARKETING_VERSION = 1.0;
				PRODUCT_BUNDLE_IDENTIFIER = com.nihalerdal.MustacheFun;
				PRODUCT_NAME = "$(TARGET_NAME)";
				SWIFT_EMIT_LOC_STRINGS = YES;
				SWIFT_VERSION = 5.0;
				TARGETED_DEVICE_FAMILY = "1,2";
			};
			name = Release;
		};
/* End XCBuildConfiguration section */

/* Begin XCConfigurationList section */
		957B341E2899FB8D0007F3E2 /* Build configuration list for PBXProject "MustacheFun" */ = {
			isa = XCConfigurationList;
			buildConfigurations = (
				957B34342899FB900007F3E2 /* Debug */,
				957B34352899FB900007F3E2 /* Release */,
			);
			defaultConfigurationIsVisible = 0;
			defaultConfigurationName = Release;
		};
		957B34362899FB900007F3E2 /* Build configuration list for PBXNativeTarget "MustacheFun" */ = {
			isa = XCConfigurationList;
			buildConfigurations = (
				957B34372899FB900007F3E2 /* Debug */,
				957B34382899FB900007F3E2 /* Release */,
			);
			defaultConfigurationIsVisible = 0;
			defaultConfigurationName = Release;
		};
/* End XCConfigurationList section */
	};
	rootObject = 957B341B2899FB8D0007F3E2 /* Project object */;
}
